
Microsoft Visual Studio Solution File, Format Version 12.00
# Visual Studio Version 17
VisualStudioVersion = 17.13.35931.197 d17.13
MinimumVisualStudioVersion = 10.0.40219.1
Project("{FAE04EC0-301F-11D3-BF4B-00C04F79EFBC}") = "SobaKing", "SobaKing.csproj", "{2549F428-97CF-4FD4-A7DD-D6CD417DDABC}"
EndProject
Global
	GlobalSection(SolutionConfigurationPlatforms) = preSolution
		Debug|Any CPU = Debug|Any CPU
		Release|Any CPU = Release|Any CPU
	EndGlobalSection
	GlobalSection(ProjectConfigurationPlatforms) = postSolution
		{2549F428-97CF-4FD4-A7DD-D6CD417DDABC}.Debug|Any CPU.ActiveCfg = Debug|Any CPU
		{2549F428-97CF-4FD4-A7DD-D6CD417DDABC}.Debug|Any CPU.Build.0 = Debug|Any CPU
		{2549F428-97CF-4FD4-A7DD-D6CD417DDABC}.Release|Any CPU.ActiveCfg = Release|Any CPU
		{2549F428-97CF-4FD4-A7DD-D6CD417DDABC}.Release|Any CPU.Build.0 = Release|Any CPU
	EndGlobalSection
	GlobalSection(SolutionProperties) = preSolution
		HideSolutionNode = FALSE
	EndGlobalSection
	GlobalSection(ExtensibilityGlobals) = postSolution
		SolutionGuid = {76D41C6E-2FB4-4EAC-894D-0B2167D13374}
	EndGlobalSection
EndGlobal
